
Microsoft Visual Studio Solution File, Format Version 12.00
# Visual Studio 15
VisualStudioVersion = 15.0.28307.136
MinimumVisualStudioVersion = 10.0.40219.1
Project("{FAE04EC0-301F-11D3-BF4B-00C04F79EFBC}") = "FussyEater", "FussyEater\FussyEater.csproj", "{13F63D2E-D3D2-499C-97CD-A4D3621B5EE8}"
EndProject
Project("{FAE04EC0-301F-11D3-BF4B-00C04F79EFBC}") = "FussyEater.Tests", "FussyEater.Tests\FussyEater.Tests.csproj", "{93B19812-507F-466C-9606-9D0D5BF1A157}"
EndProject
Global
	GlobalSection(SolutionConfigurationPlatforms) = preSolution
		Debug|Any CPU = Debug|Any CPU
		Release|Any CPU = Release|Any CPU
	EndGlobalSection
	GlobalSection(ProjectConfigurationPlatforms) = postSolution
		{13F63D2E-D3D2-499C-97CD-A4D3621B5EE8}.Debug|Any CPU.ActiveCfg = Debug|Any CPU
		{13F63D2E-D3D2-499C-97CD-A4D3621B5EE8}.Debug|Any CPU.Build.0 = Debug|Any CPU
		{13F63D2E-D3D2-499C-97CD-A4D3621B5EE8}.Release|Any CPU.ActiveCfg = Release|Any CPU
		{13F63D2E-D3D2-499C-97CD-A4D3621B5EE8}.Release|Any CPU.Build.0 = Release|Any CPU
		{93B19812-507F-466C-9606-9D0D5BF1A157}.Debug|Any CPU.ActiveCfg = Debug|Any CPU
		{93B19812-507F-466C-9606-9D0D5BF1A157}.Debug|Any CPU.Build.0 = Debug|Any CPU
		{93B19812-507F-466C-9606-9D0D5BF1A157}.Release|Any CPU.ActiveCfg = Release|Any CPU
		{93B19812-507F-466C-9606-9D0D5BF1A157}.Release|Any CPU.Build.0 = Release|Any CPU
	EndGlobalSection
	GlobalSection(SolutionProperties) = preSolution
		HideSolutionNode = FALSE
	EndGlobalSection
	GlobalSection(ExtensibilityGlobals) = postSolution
		SolutionGuid = {8FE50947-06A2-4B8D-B8B1-C03B3D36F226}
	EndGlobalSection
EndGlobal
